
Microsoft Visual Studio Solution File, Format Version 12.00
# Visual Studio 15
VisualStudioVersion = 15.0.27428.2037
MinimumVisualStudioVersion = 10.0.40219.1
Project("{FAE04EC0-301F-11D3-BF4B-00C04F79EFBC}") = "AspNetCoreApi", "AspNetCoreApi\AspNetCoreApi.csproj", "{998A9CF6-47EA-49AF-93D4-73D2594F7F57}"
EndProject
Project("{FAE04EC0-301F-11D3-BF4B-00C04F79EFBC}") = "MockRequestData", "MockRequestData\MockRequestData.csproj", "{8D62AA10-4152-447A-A5E9-B65EFB6DD56F}"
EndProject
Global
	GlobalSection(SolutionConfigurationPlatforms) = preSolution
		Debug|Any CPU = Debug|Any CPU
		Release|Any CPU = Release|Any CPU
	EndGlobalSection
	GlobalSection(ProjectConfigurationPlatforms) = postSolution
		{998A9CF6-47EA-49AF-93D4-73D2594F7F57}.Debug|Any CPU.ActiveCfg = Debug|Any CPU
		{998A9CF6-47EA-49AF-93D4-73D2594F7F57}.Debug|Any CPU.Build.0 = Debug|Any CPU
		{998A9CF6-47EA-49AF-93D4-73D2594F7F57}.Release|Any CPU.ActiveCfg = Release|Any CPU
		{998A9CF6-47EA-49AF-93D4-73D2594F7F57}.Release|Any CPU.Build.0 = Release|Any CPU
		{8D62AA10-4152-447A-A5E9-B65EFB6DD56F}.Debug|Any CPU.ActiveCfg = Debug|Any CPU
		{8D62AA10-4152-447A-A5E9-B65EFB6DD56F}.Debug|Any CPU.Build.0 = Debug|Any CPU
		{8D62AA10-4152-447A-A5E9-B65EFB6DD56F}.Release|Any CPU.ActiveCfg = Release|Any CPU
		{8D62AA10-4152-447A-A5E9-B65EFB6DD56F}.Release|Any CPU.Build.0 = Release|Any CPU
	EndGlobalSection
	GlobalSection(SolutionProperties) = preSolution
		HideSolutionNode = FALSE
	EndGlobalSection
	GlobalSection(ExtensibilityGlobals) = postSolution
		SolutionGuid = {28A88776-F95A-4C4F-8DBF-1457A9C7D95E}
	EndGlobalSection
EndGlobal
